{
  "name": "roman-extension-chrome-chrome",
  "version": "1.0.0",
  "lockfileVersion": 1,
  "requires": true,
  "dependencies": {
    "roman-numerals": {
      "version": "github:nangebav/roman-numerals-extension-chrome#ca021d528f6868a89252c21ef3142067edbf090b",
      "from": "github:nangebav/roman-numerals-extension-chrome",
      "requires": {
        "roman-numerals": "github:nangebav/roman-numerals-extension-chrome"
      }
    }
  }
}
